
Microsoft Visual Studio Solution File, Format Version 12.00
# Visual Studio 15
VisualStudioVersion = 15.0.27130.2020
MinimumVisualStudioVersion = 10.0.40219.1
Project("{FAE04EC0-301F-11D3-BF4B-00C04F79EFBC}") = "EmpInfoSystem", "EmpInfoSystem\EmpInfoSystem.csproj", "{4139C323-0E82-45BF-83FA-35999C51A346}"
	ProjectSection(ProjectDependencies) = postProject
		{6F58BFDE-E161-4432-8FE3-4F5EB6545152} = {6F58BFDE-E161-4432-8FE3-4F5EB6545152}
	EndProjectSection
EndProject
Project("{FAE04EC0-301F-11D3-BF4B-00C04F79EFBC}") = "Employee.DAL", "EmployeeDAL\Employee.DAL.csproj", "{007271A9-4C3E-4D2A-8190-201E36F2C5E4}"
EndProject
Project("{FAE04EC0-301F-11D3-BF4B-00C04F79EFBC}") = "Employee.BAL", "Employee.BAL\Employee.BAL.csproj", "{6F58BFDE-E161-4432-8FE3-4F5EB6545152}"
	ProjectSection(ProjectDependencies) = postProject
		{007271A9-4C3E-4D2A-8190-201E36F2C5E4} = {007271A9-4C3E-4D2A-8190-201E36F2C5E4}
	EndProjectSection
EndProject
Global
	GlobalSection(SolutionConfigurationPlatforms) = preSolution
		Debug|Any CPU = Debug|Any CPU
		Release|Any CPU = Release|Any CPU
	EndGlobalSection
	GlobalSection(ProjectConfigurationPlatforms) = postSolution
		{4139C323-0E82-45BF-83FA-35999C51A346}.Debug|Any CPU.ActiveCfg = Debug|Any CPU
		{4139C323-0E82-45BF-83FA-35999C51A346}.Debug|Any CPU.Build.0 = Debug|Any CPU
		{4139C323-0E82-45BF-83FA-35999C51A346}.Release|Any CPU.ActiveCfg = Release|Any CPU
		{4139C323-0E82-45BF-83FA-35999C51A346}.Release|Any CPU.Build.0 = Release|Any CPU
		{007271A9-4C3E-4D2A-8190-201E36F2C5E4}.Debug|Any CPU.ActiveCfg = Debug|Any CPU
		{007271A9-4C3E-4D2A-8190-201E36F2C5E4}.Debug|Any CPU.Build.0 = Debug|Any CPU
		{007271A9-4C3E-4D2A-8190-201E36F2C5E4}.Release|Any CPU.ActiveCfg = Release|Any CPU
		{007271A9-4C3E-4D2A-8190-201E36F2C5E4}.Release|Any CPU.Build.0 = Release|Any CPU
		{6F58BFDE-E161-4432-8FE3-4F5EB6545152}.Debug|Any CPU.ActiveCfg = Debug|Any CPU
		{6F58BFDE-E161-4432-8FE3-4F5EB6545152}.Debug|Any CPU.Build.0 = Debug|Any CPU
		{6F58BFDE-E161-4432-8FE3-4F5EB6545152}.Release|Any CPU.ActiveCfg = Release|Any CPU
		{6F58BFDE-E161-4432-8FE3-4F5EB6545152}.Release|Any CPU.Build.0 = Release|Any CPU
	EndGlobalSection
	GlobalSection(SolutionProperties) = preSolution
		HideSolutionNode = FALSE
	EndGlobalSection
	GlobalSection(ExtensibilityGlobals) = postSolution
		SolutionGuid = {45A77139-822A-4103-9841-7462DCD48A06}
	EndGlobalSection
EndGlobal
